
Microsoft Visual Studio Solution File, Format Version 12.00
# Visual Studio Version 17
VisualStudioVersion = 17.2.32630.192
MinimumVisualStudioVersion = 10.0.40219.1
Project("{FAE04EC0-301F-11D3-BF4B-00C04F79EFBC}") = "SimpleWordPad", "SimpleWordPad.csproj", "{68B738DA-028A-4E90-8360-9773FA5D1366}"
EndProject
Global
	GlobalSection(SolutionConfigurationPlatforms) = preSolution
		Debug|Any CPU = Debug|Any CPU
		Release|Any CPU = Release|Any CPU
	EndGlobalSection
	GlobalSection(ProjectConfigurationPlatforms) = postSolution
		{68B738DA-028A-4E90-8360-9773FA5D1366}.Debug|Any CPU.ActiveCfg = Debug|Any CPU
		{68B738DA-028A-4E90-8360-9773FA5D1366}.Debug|Any CPU.Build.0 = Debug|Any CPU
		{68B738DA-028A-4E90-8360-9773FA5D1366}.Release|Any CPU.ActiveCfg = Release|Any CPU
		{68B738DA-028A-4E90-8360-9773FA5D1366}.Release|Any CPU.Build.0 = Release|Any CPU
	EndGlobalSection
	GlobalSection(SolutionProperties) = preSolution
		HideSolutionNode = FALSE
	EndGlobalSection
	GlobalSection(ExtensibilityGlobals) = postSolution
		SolutionGuid = {4EEC8482-B2F1-45B4-A85D-654A4304075F}
	EndGlobalSection
EndGlobal
